
Microsoft Visual Studio Solution File, Format Version 12.00
# Visual Studio Version 16
VisualStudioVersion = 16.0.31112.23
MinimumVisualStudioVersion = 10.0.40219.1
Project("{9A19103F-16F7-4668-BE54-9A1E7A4F7556}") = "SIO.DAL.EF", "SIO.DAL.EF\SIO.DAL.EF.csproj", "{D40804F8-3865-4699-AB2B-5EE1D02F8098}"
EndProject
Project("{9A19103F-16F7-4668-BE54-9A1E7A4F7556}") = "SIO.BL", "SIO.BL\SIO.BL.csproj", "{2FC7BDE3-1C5F-478D-828B-E42E69E074CE}"
EndProject
Project("{9A19103F-16F7-4668-BE54-9A1E7A4F7556}") = "SIO.UI", "SIO.UI\SIO.UI.csproj", "{AB8C4188-78C2-4476-B5F1-1A27FA8261AB}"
EndProject
Project("{2150E333-8FDC-42A3-9474-1A3956D46DE8}") = "Tests", "Tests", "{5D286910-498C-4502-A9B7-F1B02D435E68}"
EndProject
Project("{9A19103F-16F7-4668-BE54-9A1E7A4F7556}") = "SIO.BL.Test", "SIO.BL.Test\SIO.BL.Test.csproj", "{92421E4D-6A71-4D93-B53D-926346C1414B}"
EndProject
Project("{9A19103F-16F7-4668-BE54-9A1E7A4F7556}") = "SIO.WPF", "SIO.WPF\SIO.WPF.csproj", "{2126B924-7C0D-47A1-95EE-948D8064AA18}"
EndProject
Project("{FAE04EC0-301F-11D3-BF4B-00C04F79EFBC}") = "SIO.CommonData", "SIO.CommonData\SIO.CommonData.csproj", "{741338FA-B392-4BF5-82C2-D1AD8FF4DFCF}"
EndProject
Global
	GlobalSection(SolutionConfigurationPlatforms) = preSolution
		Debug|Any CPU = Debug|Any CPU
		Release|Any CPU = Release|Any CPU
	EndGlobalSection
	GlobalSection(ProjectConfigurationPlatforms) = postSolution
		{D40804F8-3865-4699-AB2B-5EE1D02F8098}.Debug|Any CPU.ActiveCfg = Debug|Any CPU
		{D40804F8-3865-4699-AB2B-5EE1D02F8098}.Debug|Any CPU.Build.0 = Debug|Any CPU
		{D40804F8-3865-4699-AB2B-5EE1D02F8098}.Release|Any CPU.ActiveCfg = Release|Any CPU
		{D40804F8-3865-4699-AB2B-5EE1D02F8098}.Release|Any CPU.Build.0 = Release|Any CPU
		{2FC7BDE3-1C5F-478D-828B-E42E69E074CE}.Debug|Any CPU.ActiveCfg = Debug|Any CPU
		{2FC7BDE3-1C5F-478D-828B-E42E69E074CE}.Debug|Any CPU.Build.0 = Debug|Any CPU
		{2FC7BDE3-1C5F-478D-828B-E42E69E074CE}.Release|Any CPU.ActiveCfg = Release|Any CPU
		{2FC7BDE3-1C5F-478D-828B-E42E69E074CE}.Release|Any CPU.Build.0 = Release|Any CPU
		{AB8C4188-78C2-4476-B5F1-1A27FA8261AB}.Debug|Any CPU.ActiveCfg = Debug|Any CPU
		{AB8C4188-78C2-4476-B5F1-1A27FA8261AB}.Debug|Any CPU.Build.0 = Debug|Any CPU
		{AB8C4188-78C2-4476-B5F1-1A27FA8261AB}.Release|Any CPU.ActiveCfg = Release|Any CPU
		{AB8C4188-78C2-4476-B5F1-1A27FA8261AB}.Release|Any CPU.Build.0 = Release|Any CPU
		{92421E4D-6A71-4D93-B53D-926346C1414B}.Debug|Any CPU.ActiveCfg = Debug|Any CPU
		{92421E4D-6A71-4D93-B53D-926346C1414B}.Debug|Any CPU.Build.0 = Debug|Any CPU
		{92421E4D-6A71-4D93-B53D-926346C1414B}.Release|Any CPU.ActiveCfg = Release|Any CPU
		{92421E4D-6A71-4D93-B53D-926346C1414B}.Release|Any CPU.Build.0 = Release|Any CPU
		{2126B924-7C0D-47A1-95EE-948D8064AA18}.Debug|Any CPU.ActiveCfg = Debug|Any CPU
		{2126B924-7C0D-47A1-95EE-948D8064AA18}.Debug|Any CPU.Build.0 = Debug|Any CPU
		{2126B924-7C0D-47A1-95EE-948D8064AA18}.Release|Any CPU.ActiveCfg = Release|Any CPU
		{2126B924-7C0D-47A1-95EE-948D8064AA18}.Release|Any CPU.Build.0 = Release|Any CPU
		{741338FA-B392-4BF5-82C2-D1AD8FF4DFCF}.Debug|Any CPU.ActiveCfg = Debug|Any CPU
		{741338FA-B392-4BF5-82C2-D1AD8FF4DFCF}.Debug|Any CPU.Build.0 = Debug|Any CPU
		{741338FA-B392-4BF5-82C2-D1AD8FF4DFCF}.Release|Any CPU.ActiveCfg = Release|Any CPU
		{741338FA-B392-4BF5-82C2-D1AD8FF4DFCF}.Release|Any CPU.Build.0 = Release|Any CPU
	EndGlobalSection
	GlobalSection(SolutionProperties) = preSolution
		HideSolutionNode = FALSE
	EndGlobalSection
	GlobalSection(NestedProjects) = preSolution
		{92421E4D-6A71-4D93-B53D-926346C1414B} = {5D286910-498C-4502-A9B7-F1B02D435E68}
	EndGlobalSection
	GlobalSection(ExtensibilityGlobals) = postSolution
		SolutionGuid = {4F8164D8-78C6-4FF2-94E1-49955F534AFD}
	EndGlobalSection
EndGlobal
